{
  "name": "tests",
  "lockfileVersion": 3,
  "requires": true,
  "packages": {
    "": {
      "dependencies": {
        "e-karma": "^1.0.0"
      }
    },
    "node_modules/e-karma": {
      "version": "1.0.0",
      "resolved": "https://registry.npmjs.org/e-karma/-/e-karma-1.0.0.tgz",
      "integrity": "sha512-ajcijjexD8w4bQh1kVJP1QOLP7aHvkOZGi+Gs+JrkJgR5VFIpLYFxHZdiDppKjctIUZ4ElsS71fjh7xhRUxuZQ=="
    }
  }
}
